%{
  "earmark": {:git, "https://github.com/pragdave/earmark.git", "c2bfb02011c657b448c039e48f7163b01c025a0c", []},
  "erlguten": {:git, "https://github.com/ad-pro/erlguten.git", "6f585bbfaf02f50690ae2524e2d3fe26b9b2ae89", []},
  "ex_doc": {:git, "https://github.com/elixir-lang/ex_doc.git", "1fd11cc1870258a41c179ea2d8c146d4563290b1", []},
}
